
Microsoft Visual Studio Solution File, Format Version 12.00
# Visual Studio 2013
VisualStudioVersion = 12.0.21005.1
MinimumVisualStudioVersion = 10.0.40219.1
Project("{FAE04EC0-301F-11D3-BF4B-00C04F79EFBC}") = "01.Number-List", "01.Number-List\01.Number-List.csproj", "{2141900B-DA7B-4BE6-BDDE-5DA10E7B9DEC}"
EndProject
Project("{FAE04EC0-301F-11D3-BF4B-00C04F79EFBC}") = "02.IncreasingAndDecreasingSequences", "02.IncreasingAndDecreasingSequences\02.IncreasingAndDecreasingSequences.csproj", "{B9988677-0C82-4154-9C7B-4B5455F293DF}"
EndProject
Project("{FAE04EC0-301F-11D3-BF4B-00C04F79EFBC}") = "Fibbonacci", "..\ConsoleApplication2\Fibbonacci\Fibbonacci.csproj", "{5BC8A27D-422D-4D9E-9107-6A0EC5D4AB1A}"
EndProject
Project("{FAE04EC0-301F-11D3-BF4B-00C04F79EFBC}") = "04.ReverseString", "04.ReverseString\04.ReverseString.csproj", "{48F39FC6-70C3-4ABE-932D-4883FEFABAF7}"
EndProject
Global
	GlobalSection(SolutionConfigurationPlatforms) = preSolution
		Debug|Any CPU = Debug|Any CPU
		Release|Any CPU = Release|Any CPU
	EndGlobalSection
	GlobalSection(ProjectConfigurationPlatforms) = postSolution
		{2141900B-DA7B-4BE6-BDDE-5DA10E7B9DEC}.Debug|Any CPU.ActiveCfg = Debug|Any CPU
		{2141900B-DA7B-4BE6-BDDE-5DA10E7B9DEC}.Debug|Any CPU.Build.0 = Debug|Any CPU
		{2141900B-DA7B-4BE6-BDDE-5DA10E7B9DEC}.Release|Any CPU.ActiveCfg = Release|Any CPU
		{2141900B-DA7B-4BE6-BDDE-5DA10E7B9DEC}.Release|Any CPU.Build.0 = Release|Any CPU
		{B9988677-0C82-4154-9C7B-4B5455F293DF}.Debug|Any CPU.ActiveCfg = Debug|Any CPU
		{B9988677-0C82-4154-9C7B-4B5455F293DF}.Debug|Any CPU.Build.0 = Debug|Any CPU
		{B9988677-0C82-4154-9C7B-4B5455F293DF}.Release|Any CPU.ActiveCfg = Release|Any CPU
		{B9988677-0C82-4154-9C7B-4B5455F293DF}.Release|Any CPU.Build.0 = Release|Any CPU
		{5BC8A27D-422D-4D9E-9107-6A0EC5D4AB1A}.Debug|Any CPU.ActiveCfg = Debug|Any CPU
		{5BC8A27D-422D-4D9E-9107-6A0EC5D4AB1A}.Debug|Any CPU.Build.0 = Debug|Any CPU
		{5BC8A27D-422D-4D9E-9107-6A0EC5D4AB1A}.Release|Any CPU.ActiveCfg = Release|Any CPU
		{5BC8A27D-422D-4D9E-9107-6A0EC5D4AB1A}.Release|Any CPU.Build.0 = Release|Any CPU
		{48F39FC6-70C3-4ABE-932D-4883FEFABAF7}.Debug|Any CPU.ActiveCfg = Debug|Any CPU
		{48F39FC6-70C3-4ABE-932D-4883FEFABAF7}.Debug|Any CPU.Build.0 = Debug|Any CPU
		{48F39FC6-70C3-4ABE-932D-4883FEFABAF7}.Release|Any CPU.ActiveCfg = Release|Any CPU
		{48F39FC6-70C3-4ABE-932D-4883FEFABAF7}.Release|Any CPU.Build.0 = Release|Any CPU
	EndGlobalSection
	GlobalSection(SolutionProperties) = preSolution
		HideSolutionNode = FALSE
	EndGlobalSection
EndGlobal
